
Microsoft Visual Studio Solution File, Format Version 12.00
# Visual Studio Version 17
VisualStudioVersion = 17.14.36915.13
MinimumVisualStudioVersion = 10.0.40219.1
Project("{FAE04EC0-301F-11D3-BF4B-00C04F79EFBC}") = "HMCTS_LoginAutomationTests", "LoginAutomationTests\HMCTS_LoginAutomationTests.csproj", "{BC11008F-D06B-43F4-9E0E-B9CF3D35041F}"
EndProject
Global
	GlobalSection(SolutionConfigurationPlatforms) = preSolution
		Debug|Any CPU = Debug|Any CPU
		Release|Any CPU = Release|Any CPU
	EndGlobalSection
	GlobalSection(ProjectConfigurationPlatforms) = postSolution
		{BC11008F-D06B-43F4-9E0E-B9CF3D35041F}.Debug|Any CPU.ActiveCfg = Debug|Any CPU
		{BC11008F-D06B-43F4-9E0E-B9CF3D35041F}.Debug|Any CPU.Build.0 = Debug|Any CPU
		{BC11008F-D06B-43F4-9E0E-B9CF3D35041F}.Release|Any CPU.ActiveCfg = Release|Any CPU
		{BC11008F-D06B-43F4-9E0E-B9CF3D35041F}.Release|Any CPU.Build.0 = Release|Any CPU
	EndGlobalSection
	GlobalSection(SolutionProperties) = preSolution
		HideSolutionNode = FALSE
	EndGlobalSection
	GlobalSection(ExtensibilityGlobals) = postSolution
		SolutionGuid = {E429BE83-AC21-4E29-B330-280CAC3C6EDE}
	EndGlobalSection
EndGlobal
